
Microsoft Visual Studio Solution File, Format Version 12.00
# Visual Studio 15
VisualStudioVersion = 15.0.27004.2009
MinimumVisualStudioVersion = 10.0.40219.1
Project("{FAE04EC0-301F-11D3-BF4B-00C04F79EFBC}") = "BOLSET1IQ", "MyTemplate\BOLSET1IQ.csproj", "{B92E47CC-9A8C-443E-B8CD-6AB408F5E8CA}"
EndProject
Global
	GlobalSection(SolutionConfigurationPlatforms) = preSolution
		Debug|Any CPU = Debug|Any CPU
		Debug|x86 = Debug|x86
		Release|Any CPU = Release|Any CPU
		Release|x86 = Release|x86
	EndGlobalSection
	GlobalSection(ProjectConfigurationPlatforms) = postSolution
		{B92E47CC-9A8C-443E-B8CD-6AB408F5E8CA}.Debug|Any CPU.ActiveCfg = Debug|Any CPU
		{B92E47CC-9A8C-443E-B8CD-6AB408F5E8CA}.Debug|Any CPU.Build.0 = Debug|Any CPU
		{B92E47CC-9A8C-443E-B8CD-6AB408F5E8CA}.Debug|x86.ActiveCfg = Debug|x86
		{B92E47CC-9A8C-443E-B8CD-6AB408F5E8CA}.Debug|x86.Build.0 = Debug|x86
		{B92E47CC-9A8C-443E-B8CD-6AB408F5E8CA}.Release|Any CPU.ActiveCfg = Release|Any CPU
		{B92E47CC-9A8C-443E-B8CD-6AB408F5E8CA}.Release|Any CPU.Build.0 = Release|Any CPU
		{B92E47CC-9A8C-443E-B8CD-6AB408F5E8CA}.Release|x86.ActiveCfg = Release|x86
		{B92E47CC-9A8C-443E-B8CD-6AB408F5E8CA}.Release|x86.Build.0 = Release|x86
	EndGlobalSection
	GlobalSection(SolutionProperties) = preSolution
		HideSolutionNode = FALSE
	EndGlobalSection
	GlobalSection(ExtensibilityGlobals) = postSolution
		SolutionGuid = {04968393-35A6-46D1-A8D8-441F099D8DF1}
	EndGlobalSection
	GlobalSection(TeamFoundationVersionControl) = preSolution
		SccNumberOfProjects = 2
		SccEnterpriseProvider = {4CA58AB2-18FA-4F8D-95D4-32DDF27D184C}
		SccTeamFoundationServer = http://192.168.4.209:8080/tfs/trubotimpdirect
		SccLocalPath0 = .
		SccProjectUniqueName1 = MyTemplate\\BOLSET1IQ.csproj
		SccProjectName1 = MyTemplate
		SccLocalPath1 = MyTemplate
	EndGlobalSection
EndGlobal
