
Microsoft Visual Studio Solution File, Format Version 12.00
# Visual Studio 15
VisualStudioVersion = 15.0.28307.902
MinimumVisualStudioVersion = 10.0.40219.1
Project("{FAE04EC0-301F-11D3-BF4B-00C04F79EFBC}") = "BOL_DataExtractionApplication", "BOL_DataExtractionApplication\BOL_DataExtractionApplication.csproj", "{16CD61DB-E513-4605-8AA5-96567A796EE5}"
EndProject
Global
	GlobalSection(SolutionConfigurationPlatforms) = preSolution
		Debug|Any CPU = Debug|Any CPU
		Debug|x86 = Debug|x86
		Release|Any CPU = Release|Any CPU
		Release|x86 = Release|x86
	EndGlobalSection
	GlobalSection(ProjectConfigurationPlatforms) = postSolution
		{16CD61DB-E513-4605-8AA5-96567A796EE5}.Debug|Any CPU.ActiveCfg = Debug|Any CPU
		{16CD61DB-E513-4605-8AA5-96567A796EE5}.Debug|Any CPU.Build.0 = Debug|Any CPU
		{16CD61DB-E513-4605-8AA5-96567A796EE5}.Debug|x86.ActiveCfg = Debug|Any CPU
		{16CD61DB-E513-4605-8AA5-96567A796EE5}.Debug|x86.Build.0 = Debug|Any CPU
		{16CD61DB-E513-4605-8AA5-96567A796EE5}.Release|Any CPU.ActiveCfg = Release|Any CPU
		{16CD61DB-E513-4605-8AA5-96567A796EE5}.Release|Any CPU.Build.0 = Release|Any CPU
		{16CD61DB-E513-4605-8AA5-96567A796EE5}.Release|x86.ActiveCfg = Release|Any CPU
		{16CD61DB-E513-4605-8AA5-96567A796EE5}.Release|x86.Build.0 = Release|Any CPU
	EndGlobalSection
	GlobalSection(SolutionProperties) = preSolution
		HideSolutionNode = FALSE
	EndGlobalSection
	GlobalSection(ExtensibilityGlobals) = postSolution
		SolutionGuid = {6A94FF5C-97B5-4288-9867-414A13A6E60E}
	EndGlobalSection
EndGlobal
